
Microsoft Visual Studio Solution File, Format Version 12.00
# Visual Studio Version 17
VisualStudioVersion = 17.4.33122.133
MinimumVisualStudioVersion = 10.0.40219.1
Project("{9A19103F-16F7-4668-BE54-9A1E7A4F7556}") = "Day_02_Cube_Conundrum", "Day_02_Cube_Conundrum\Day_02_Cube_Conundrum.csproj", "{F257ED4C-BF95-4B3F-BD49-E369811F04AD}"
EndProject
Project("{9A19103F-16F7-4668-BE54-9A1E7A4F7556}") = "Day_03_Gear_Ratios", "Day_03_Gear_Ratios\Day_03_Gear_Ratios.csproj", "{9A09BD0A-D40E-49EC-B4B5-D214444ADC19}"
EndProject
Project("{9A19103F-16F7-4668-BE54-9A1E7A4F7556}") = "Day_01_Trebuchet", "Day_01_Trebuchet\Day_01_Trebuchet.csproj", "{64795AE3-2A62-4DDB-AAA7-65F6791698E5}"
EndProject
Project("{9A19103F-16F7-4668-BE54-9A1E7A4F7556}") = "Day_04_Scratchcards", "Day_04_Scratchcards\Day_04_Scratchcards.csproj", "{6CA632E9-B2B0-4560-9E67-DF7123294336}"
EndProject
Project("{9A19103F-16F7-4668-BE54-9A1E7A4F7556}") = "Day_05_Seed_Location", "Day_05_Seed_Location\Day_05_Seed_Location.csproj", "{EA5A0D70-EC58-436D-AB52-028F57C59DB2}"
EndProject
Project("{9A19103F-16F7-4668-BE54-9A1E7A4F7556}") = "Day_06_Wait_For_It", "Day_06_Wait_For_It\Day_06_Wait_For_It.csproj", "{D7ADE57A-BD90-43D4-BE6A-A70EF0E30329}"
EndProject
Project("{9A19103F-16F7-4668-BE54-9A1E7A4F7556}") = "Day_07_Camel_Cards", "Day_07_Camel_Cards\Day_07_Camel_Cards.csproj", "{78C46CBC-A447-4DAD-BD7E-0A03B4D815B4}"
EndProject
Project("{9A19103F-16F7-4668-BE54-9A1E7A4F7556}") = "Day_08_Haunted_Wasteland", "Day_08_Haunted_Wasteland\Day_08_Haunted_Wasteland.csproj", "{7C74A334-A834-4423-8AE4-2F247A942FEB}"
EndProject
Project("{9A19103F-16F7-4668-BE54-9A1E7A4F7556}") = "Day_09_Mirage_Maintenance", "Day_09_Mirage_Maintenance\Day_09_Mirage_Maintenance.csproj", "{3F719B79-8E27-45FE-9E7A-DEF59D07C596}"
EndProject
Project("{9A19103F-16F7-4668-BE54-9A1E7A4F7556}") = "Day_10_Pipe_Maze", "Day_10_Pipe_Maze\Day_10_Pipe_Maze.csproj", "{496364C8-65AC-4894-8BBB-E6814256F457}"
EndProject
Project("{FAE04EC0-301F-11D3-BF4B-00C04F79EFBC}") = "Day_11_Cosmic_Expansion", "Day_11_Cosmic_Expansion\Day_11_Cosmic_Expansion.csproj", "{F3D289FF-2495-43DA-B421-FE5E2E787386}"
EndProject
Global
	GlobalSection(SolutionConfigurationPlatforms) = preSolution
		Debug|Any CPU = Debug|Any CPU
		Release|Any CPU = Release|Any CPU
	EndGlobalSection
	GlobalSection(ProjectConfigurationPlatforms) = postSolution
		{F257ED4C-BF95-4B3F-BD49-E369811F04AD}.Debug|Any CPU.ActiveCfg = Debug|Any CPU
		{F257ED4C-BF95-4B3F-BD49-E369811F04AD}.Debug|Any CPU.Build.0 = Debug|Any CPU
		{F257ED4C-BF95-4B3F-BD49-E369811F04AD}.Release|Any CPU.ActiveCfg = Release|Any CPU
		{F257ED4C-BF95-4B3F-BD49-E369811F04AD}.Release|Any CPU.Build.0 = Release|Any CPU
		{9A09BD0A-D40E-49EC-B4B5-D214444ADC19}.Debug|Any CPU.ActiveCfg = Debug|Any CPU
		{9A09BD0A-D40E-49EC-B4B5-D214444ADC19}.Debug|Any CPU.Build.0 = Debug|Any CPU
		{9A09BD0A-D40E-49EC-B4B5-D214444ADC19}.Release|Any CPU.ActiveCfg = Release|Any CPU
		{9A09BD0A-D40E-49EC-B4B5-D214444ADC19}.Release|Any CPU.Build.0 = Release|Any CPU
		{64795AE3-2A62-4DDB-AAA7-65F6791698E5}.Debug|Any CPU.ActiveCfg = Debug|Any CPU
		{64795AE3-2A62-4DDB-AAA7-65F6791698E5}.Debug|Any CPU.Build.0 = Debug|Any CPU
		{64795AE3-2A62-4DDB-AAA7-65F6791698E5}.Release|Any CPU.ActiveCfg = Release|Any CPU
		{64795AE3-2A62-4DDB-AAA7-65F6791698E5}.Release|Any CPU.Build.0 = Release|Any CPU
		{6CA632E9-B2B0-4560-9E67-DF7123294336}.Debug|Any CPU.ActiveCfg = Debug|Any CPU
		{6CA632E9-B2B0-4560-9E67-DF7123294336}.Debug|Any CPU.Build.0 = Debug|Any CPU
		{6CA632E9-B2B0-4560-9E67-DF7123294336}.Release|Any CPU.ActiveCfg = Release|Any CPU
		{6CA632E9-B2B0-4560-9E67-DF7123294336}.Release|Any CPU.Build.0 = Release|Any CPU
		{EA5A0D70-EC58-436D-AB52-028F57C59DB2}.Debug|Any CPU.ActiveCfg = Debug|Any CPU
		{EA5A0D70-EC58-436D-AB52-028F57C59DB2}.Debug|Any CPU.Build.0 = Debug|Any CPU
		{EA5A0D70-EC58-436D-AB52-028F57C59DB2}.Release|Any CPU.ActiveCfg = Release|Any CPU
		{EA5A0D70-EC58-436D-AB52-028F57C59DB2}.Release|Any CPU.Build.0 = Release|Any CPU
		{D7ADE57A-BD90-43D4-BE6A-A70EF0E30329}.Debug|Any CPU.ActiveCfg = Debug|Any CPU
		{D7ADE57A-BD90-43D4-BE6A-A70EF0E30329}.Debug|Any CPU.Build.0 = Debug|Any CPU
		{D7ADE57A-BD90-43D4-BE6A-A70EF0E30329}.Release|Any CPU.ActiveCfg = Release|Any CPU
		{D7ADE57A-BD90-43D4-BE6A-A70EF0E30329}.Release|Any CPU.Build.0 = Release|Any CPU
		{78C46CBC-A447-4DAD-BD7E-0A03B4D815B4}.Debug|Any CPU.ActiveCfg = Debug|Any CPU
		{78C46CBC-A447-4DAD-BD7E-0A03B4D815B4}.Debug|Any CPU.Build.0 = Debug|Any CPU
		{78C46CBC-A447-4DAD-BD7E-0A03B4D815B4}.Release|Any CPU.ActiveCfg = Release|Any CPU
		{78C46CBC-A447-4DAD-BD7E-0A03B4D815B4}.Release|Any CPU.Build.0 = Release|Any CPU
		{7C74A334-A834-4423-8AE4-2F247A942FEB}.Debug|Any CPU.ActiveCfg = Debug|Any CPU
		{7C74A334-A834-4423-8AE4-2F247A942FEB}.Debug|Any CPU.Build.0 = Debug|Any CPU
		{7C74A334-A834-4423-8AE4-2F247A942FEB}.Release|Any CPU.ActiveCfg = Release|Any CPU
		{7C74A334-A834-4423-8AE4-2F247A942FEB}.Release|Any CPU.Build.0 = Release|Any CPU
		{3F719B79-8E27-45FE-9E7A-DEF59D07C596}.Debug|Any CPU.ActiveCfg = Debug|Any CPU
		{3F719B79-8E27-45FE-9E7A-DEF59D07C596}.Debug|Any CPU.Build.0 = Debug|Any CPU
		{3F719B79-8E27-45FE-9E7A-DEF59D07C596}.Release|Any CPU.ActiveCfg = Release|Any CPU
		{3F719B79-8E27-45FE-9E7A-DEF59D07C596}.Release|Any CPU.Build.0 = Release|Any CPU
		{496364C8-65AC-4894-8BBB-E6814256F457}.Debug|Any CPU.ActiveCfg = Debug|Any CPU
		{496364C8-65AC-4894-8BBB-E6814256F457}.Debug|Any CPU.Build.0 = Debug|Any CPU
		{496364C8-65AC-4894-8BBB-E6814256F457}.Release|Any CPU.ActiveCfg = Release|Any CPU
		{496364C8-65AC-4894-8BBB-E6814256F457}.Release|Any CPU.Build.0 = Release|Any CPU
		{F3D289FF-2495-43DA-B421-FE5E2E787386}.Debug|Any CPU.ActiveCfg = Debug|Any CPU
		{F3D289FF-2495-43DA-B421-FE5E2E787386}.Debug|Any CPU.Build.0 = Debug|Any CPU
		{F3D289FF-2495-43DA-B421-FE5E2E787386}.Release|Any CPU.ActiveCfg = Release|Any CPU
		{F3D289FF-2495-43DA-B421-FE5E2E787386}.Release|Any CPU.Build.0 = Release|Any CPU
	EndGlobalSection
	GlobalSection(SolutionProperties) = preSolution
		HideSolutionNode = FALSE
	EndGlobalSection
	GlobalSection(ExtensibilityGlobals) = postSolution
		SolutionGuid = {9D7395D0-1209-4973-A9B1-CEAB09F9ABB7}
	EndGlobalSection
EndGlobal
